
Microsoft Visual Studio Solution File, Format Version 12.00
# Visual Studio Version 17
VisualStudioVersion = 17.9.34723.18
MinimumVisualStudioVersion = 10.0.40219.1
Project("{9A19103F-16F7-4668-BE54-9A1E7A4F7556}") = "PipeDiagnosticsViewer", "PipeDiagnosticsViewer\PipeDiagnosticsViewer.csproj", "{FBDB9D17-0B7F-4F7A-8641-B17ABF7536E0}"
EndProject
Project("{9A19103F-16F7-4668-BE54-9A1E7A4F7556}") = "PipeDiagnosticsViewer.Infrastructure", "PipeDiagnosticsViewer.Infrastructure\PipeDiagnosticsViewer.Infrastructure.csproj", "{2C25F812-2DFF-4AF4-87C7-7D16282E9F5E}"
EndProject
Project("{9A19103F-16F7-4668-BE54-9A1E7A4F7556}") = "PipeDiagnosticsViewer.Test", "PipeDiagnosticsViewer.Test\PipeDiagnosticsViewer.Test.csproj", "{DD2B119A-E4A0-4349-91DD-71C609FC809D}"
EndProject
Project("{9A19103F-16F7-4668-BE54-9A1E7A4F7556}") = "PipeDiagnosticsViewer.Models", "PipeDiagnosticsViewer.Models\PipeDiagnosticsViewer.Models.csproj", "{95A3ED9C-41EE-4651-A606-A1D6B453049C}"
EndProject
Project("{9A19103F-16F7-4668-BE54-9A1E7A4F7556}") = "PipeDiagnosticsViewer.Interfaces", "PipeDiagnosticsViewer.Interfaces\PipeDiagnosticsViewer.Interfaces.csproj", "{74DF3826-DA27-4841-9992-D3EB2511A164}"
EndProject
Global
	GlobalSection(SolutionConfigurationPlatforms) = preSolution
		Debug|Any CPU = Debug|Any CPU
		Release|Any CPU = Release|Any CPU
	EndGlobalSection
	GlobalSection(ProjectConfigurationPlatforms) = postSolution
		{FBDB9D17-0B7F-4F7A-8641-B17ABF7536E0}.Debug|Any CPU.ActiveCfg = Debug|Any CPU
		{FBDB9D17-0B7F-4F7A-8641-B17ABF7536E0}.Debug|Any CPU.Build.0 = Debug|Any CPU
		{FBDB9D17-0B7F-4F7A-8641-B17ABF7536E0}.Release|Any CPU.ActiveCfg = Release|Any CPU
		{FBDB9D17-0B7F-4F7A-8641-B17ABF7536E0}.Release|Any CPU.Build.0 = Release|Any CPU
		{2C25F812-2DFF-4AF4-87C7-7D16282E9F5E}.Debug|Any CPU.ActiveCfg = Debug|Any CPU
		{2C25F812-2DFF-4AF4-87C7-7D16282E9F5E}.Debug|Any CPU.Build.0 = Debug|Any CPU
		{2C25F812-2DFF-4AF4-87C7-7D16282E9F5E}.Release|Any CPU.ActiveCfg = Release|Any CPU
		{2C25F812-2DFF-4AF4-87C7-7D16282E9F5E}.Release|Any CPU.Build.0 = Release|Any CPU
		{DD2B119A-E4A0-4349-91DD-71C609FC809D}.Debug|Any CPU.ActiveCfg = Debug|Any CPU
		{DD2B119A-E4A0-4349-91DD-71C609FC809D}.Debug|Any CPU.Build.0 = Debug|Any CPU
		{DD2B119A-E4A0-4349-91DD-71C609FC809D}.Release|Any CPU.ActiveCfg = Release|Any CPU
		{95A3ED9C-41EE-4651-A606-A1D6B453049C}.Debug|Any CPU.ActiveCfg = Debug|Any CPU
		{95A3ED9C-41EE-4651-A606-A1D6B453049C}.Debug|Any CPU.Build.0 = Debug|Any CPU
		{95A3ED9C-41EE-4651-A606-A1D6B453049C}.Release|Any CPU.ActiveCfg = Release|Any CPU
		{95A3ED9C-41EE-4651-A606-A1D6B453049C}.Release|Any CPU.Build.0 = Release|Any CPU
		{74DF3826-DA27-4841-9992-D3EB2511A164}.Debug|Any CPU.ActiveCfg = Debug|Any CPU
		{74DF3826-DA27-4841-9992-D3EB2511A164}.Debug|Any CPU.Build.0 = Debug|Any CPU
		{74DF3826-DA27-4841-9992-D3EB2511A164}.Release|Any CPU.ActiveCfg = Release|Any CPU
		{74DF3826-DA27-4841-9992-D3EB2511A164}.Release|Any CPU.Build.0 = Release|Any CPU
	EndGlobalSection
	GlobalSection(SolutionProperties) = preSolution
		HideSolutionNode = FALSE
	EndGlobalSection
	GlobalSection(ExtensibilityGlobals) = postSolution
		SolutionGuid = {1DC50943-7583-4CDD-B545-E5FC67845315}
	EndGlobalSection
EndGlobal
